
Microsoft Visual Studio Solution File, Format Version 12.00
# Visual Studio 14
VisualStudioVersion = 14.0.25123.0
MinimumVisualStudioVersion = 10.0.40219.1
Project("{8BC9CEB8-8B4A-11D0-8D11-00A0C91BC942}") = "Decentralized", "COBRA\COBRA.vcxproj", "{0CBA8035-7151-4933-AEC7-8F3236FF31F3}"
EndProject
Project("{8BC9CEB8-8B4A-11D0-8D11-00A0C91BC942}") = "Centralized-ECBS", "Centralized - ECBS\Centralized-ECBS.vcxproj", "{551A1918-4A6D-4C4E-9B7D-5748BC072A34}"
EndProject
Project("{8BC9CEB8-8B4A-11D0-8D11-00A0C91BC942}") = "KIVA", "KIVA\KIVA.vcxproj", "{E6E876D6-9848-4A24-9518-C86F9E4CDA15}"
EndProject
Global
	GlobalSection(SolutionConfigurationPlatforms) = preSolution
		Debug|x64 = Debug|x64
		Debug|x86 = Debug|x86
		Release|x64 = Release|x64
		Release|x86 = Release|x86
	EndGlobalSection
	GlobalSection(ProjectConfigurationPlatforms) = postSolution
		{0CBA8035-7151-4933-AEC7-8F3236FF31F3}.Debug|x64.ActiveCfg = Debug|x64
		{0CBA8035-7151-4933-AEC7-8F3236FF31F3}.Debug|x64.Build.0 = Debug|x64
		{0CBA8035-7151-4933-AEC7-8F3236FF31F3}.Debug|x86.ActiveCfg = Debug|Win32
		{0CBA8035-7151-4933-AEC7-8F3236FF31F3}.Debug|x86.Build.0 = Debug|Win32
		{0CBA8035-7151-4933-AEC7-8F3236FF31F3}.Release|x64.ActiveCfg = Release|x64
		{0CBA8035-7151-4933-AEC7-8F3236FF31F3}.Release|x64.Build.0 = Release|x64
		{0CBA8035-7151-4933-AEC7-8F3236FF31F3}.Release|x86.ActiveCfg = Release|Win32
		{0CBA8035-7151-4933-AEC7-8F3236FF31F3}.Release|x86.Build.0 = Release|Win32
		{551A1918-4A6D-4C4E-9B7D-5748BC072A34}.Debug|x64.ActiveCfg = Debug|x64
		{551A1918-4A6D-4C4E-9B7D-5748BC072A34}.Debug|x64.Build.0 = Debug|x64
		{551A1918-4A6D-4C4E-9B7D-5748BC072A34}.Debug|x86.ActiveCfg = Debug|Win32
		{551A1918-4A6D-4C4E-9B7D-5748BC072A34}.Debug|x86.Build.0 = Debug|Win32
		{551A1918-4A6D-4C4E-9B7D-5748BC072A34}.Release|x64.ActiveCfg = Release|x64
		{551A1918-4A6D-4C4E-9B7D-5748BC072A34}.Release|x64.Build.0 = Release|x64
		{551A1918-4A6D-4C4E-9B7D-5748BC072A34}.Release|x86.ActiveCfg = Release|Win32
		{551A1918-4A6D-4C4E-9B7D-5748BC072A34}.Release|x86.Build.0 = Release|Win32
		{E6E876D6-9848-4A24-9518-C86F9E4CDA15}.Debug|x64.ActiveCfg = Debug|x64
		{E6E876D6-9848-4A24-9518-C86F9E4CDA15}.Debug|x64.Build.0 = Debug|x64
		{E6E876D6-9848-4A24-9518-C86F9E4CDA15}.Debug|x86.ActiveCfg = Debug|Win32
		{E6E876D6-9848-4A24-9518-C86F9E4CDA15}.Debug|x86.Build.0 = Debug|Win32
		{E6E876D6-9848-4A24-9518-C86F9E4CDA15}.Release|x64.ActiveCfg = Release|x64
		{E6E876D6-9848-4A24-9518-C86F9E4CDA15}.Release|x64.Build.0 = Release|x64
		{E6E876D6-9848-4A24-9518-C86F9E4CDA15}.Release|x86.ActiveCfg = Release|Win32
		{E6E876D6-9848-4A24-9518-C86F9E4CDA15}.Release|x86.Build.0 = Release|Win32
	EndGlobalSection
	GlobalSection(SolutionProperties) = preSolution
		HideSolutionNode = FALSE
	EndGlobalSection
EndGlobal
